{
    "_meta": {
        "hash": {
            "sha256": "32e07f1e0f879dccd0f46662e0b35497fec5d46a784118c079879e569a55c4f8"
        },
        "pipfile-spec": 6,
        "requires": {
            "python_version": "3.8"
        },
        "sources": [
            {
                "name": "pypi",
                "url": "https://pypi.org/simple",
                "verify_ssl": true
            }
        ]
    },
    "default": {
        "django": {
            "hashes": [
                "sha256:148a4a2d1a85b23883b0a4e99ab7718f518a83675e4485e44dc0c1d36988c5fa",
                "sha256:deb70aa038e59b58593673b15e9a711d1e5ccd941b5973b30750d5d026abfd56"
            ],
            "index": "pypi",
            "version": "==2.2.5"
        },
        "django-countries": {
            "hashes": [
                "sha256:64015977a5989bcb0e645007299b19fe8ac117466af375161b26bcfa32ae2808",
                "sha256:a0f77154ae08cb38a0d65530a399ead5f5837ebf6c74f7576e71bb7acdacca94"
            ],
            "index": "pypi",
            "version": "==6.1.3"
        },
        "mysqlclient": {
            "hashes": [
                "sha256:1f4d3c3fa7d7f1683071ad12096e5494179e7fa837c5210c3032c81d72f33e3a",
                "sha256:4c82187dd6ab3607150fbb1fa5ef4643118f3da122b8ba31c3149ddd9cf0cb39",
                "sha256:9e6080a7aee4cc6a06b58b59239f20f1d259c1d2fddf68ddeed242d2311c7087",
                "sha256:f3fdaa9a38752a3b214a6fe79d7cae3653731a53e577821f9187e67cbecb2e16",
                "sha256:f646f8d17d02be0872291f258cce3813497bc7888cd4712a577fd1e719b2f213"
            ],
            "path": "E:/202009projects/django/_mysqlclient_wheel/mysqlclient-1.4.6-cp38-cp38-win32.whl",
            "version": "==1.4.6"
        },
        "pytz": {
            "hashes": [
                "sha256:a494d53b6d39c3c6e44c3bec237336e14305e4f29bbf800b599253057fbb79ed",
                "sha256:c35965d010ce31b23eeb663ed3cc8c906275d6be1a34393a1d73a41febf4a048"
            ],
            "version": "==2020.1"
        },
        "sqlparse": {
            "hashes": [
                "sha256:017cde379adbd6a1f15a61873f43e8274179378e95ef3fede90b5aa64d304ed0",
                "sha256:0f91fd2e829c44362cbcfab3e9ae12e22badaa8a29ad5ff599f9ec109f0454e8"
            ],
            "markers": "python_version >= '3.5'",
            "version": "==0.4.1"
        }
    },
    "develop": {}
}
